
Microsoft Visual Studio Solution File, Format Version 12.00
# Visual Studio Version 17
VisualStudioVersion = 17.0.31919.166
MinimumVisualStudioVersion = 10.0.40219.1
Project("{9A19103F-16F7-4668-BE54-9A1E7A4F7556}") = "MetricsManager", "MetricsManager\MetricsManager.csproj", "{69F66AD5-2299-4E8A-B7CF-E060AD1B43EA}"
EndProject
Project("{9A19103F-16F7-4668-BE54-9A1E7A4F7556}") = "MetricsManagerTests", "CpuMetricsControllerUnitTests\MetricsManagerTests.csproj", "{6EE8DD43-70EE-478C-90D1-0EA92A14758C}"
EndProject
Project("{2150E333-8FDC-42A3-9474-1A3956D46DE8}") = "UnitTests", "UnitTests", "{A99C3697-0023-44BD-942E-007C75818E00}"
EndProject
Project("{9A19103F-16F7-4668-BE54-9A1E7A4F7556}") = "MetricsAgent", "MetricsAgent\MetricsAgent.csproj", "{3F60C9EC-8EF8-4CA2-82E8-BD558937086A}"
EndProject
Project("{9A19103F-16F7-4668-BE54-9A1E7A4F7556}") = "MetricsAgentTests", "MetricsAgentTests\MetricsAgentTests.csproj", "{9186C956-E00C-4734-984E-021F76304F32}"
EndProject
Project("{9A19103F-16F7-4668-BE54-9A1E7A4F7556}") = "Core", "Core\Core.csproj", "{B41ACD8D-EEC8-46F8-A4C9-A20D6DCC8D5D}"
EndProject
Global
	GlobalSection(SolutionConfigurationPlatforms) = preSolution
		Debug|Any CPU = Debug|Any CPU
		Release|Any CPU = Release|Any CPU
	EndGlobalSection
	GlobalSection(ProjectConfigurationPlatforms) = postSolution
		{69F66AD5-2299-4E8A-B7CF-E060AD1B43EA}.Debug|Any CPU.ActiveCfg = Debug|Any CPU
		{69F66AD5-2299-4E8A-B7CF-E060AD1B43EA}.Debug|Any CPU.Build.0 = Debug|Any CPU
		{69F66AD5-2299-4E8A-B7CF-E060AD1B43EA}.Release|Any CPU.ActiveCfg = Release|Any CPU
		{69F66AD5-2299-4E8A-B7CF-E060AD1B43EA}.Release|Any CPU.Build.0 = Release|Any CPU
		{6EE8DD43-70EE-478C-90D1-0EA92A14758C}.Debug|Any CPU.ActiveCfg = Debug|Any CPU
		{6EE8DD43-70EE-478C-90D1-0EA92A14758C}.Debug|Any CPU.Build.0 = Debug|Any CPU
		{6EE8DD43-70EE-478C-90D1-0EA92A14758C}.Release|Any CPU.ActiveCfg = Release|Any CPU
		{6EE8DD43-70EE-478C-90D1-0EA92A14758C}.Release|Any CPU.Build.0 = Release|Any CPU
		{3F60C9EC-8EF8-4CA2-82E8-BD558937086A}.Debug|Any CPU.ActiveCfg = Debug|Any CPU
		{3F60C9EC-8EF8-4CA2-82E8-BD558937086A}.Debug|Any CPU.Build.0 = Debug|Any CPU
		{3F60C9EC-8EF8-4CA2-82E8-BD558937086A}.Release|Any CPU.ActiveCfg = Release|Any CPU
		{3F60C9EC-8EF8-4CA2-82E8-BD558937086A}.Release|Any CPU.Build.0 = Release|Any CPU
		{9186C956-E00C-4734-984E-021F76304F32}.Debug|Any CPU.ActiveCfg = Debug|Any CPU
		{9186C956-E00C-4734-984E-021F76304F32}.Debug|Any CPU.Build.0 = Debug|Any CPU
		{9186C956-E00C-4734-984E-021F76304F32}.Release|Any CPU.ActiveCfg = Release|Any CPU
		{9186C956-E00C-4734-984E-021F76304F32}.Release|Any CPU.Build.0 = Release|Any CPU
		{B41ACD8D-EEC8-46F8-A4C9-A20D6DCC8D5D}.Debug|Any CPU.ActiveCfg = Debug|Any CPU
		{B41ACD8D-EEC8-46F8-A4C9-A20D6DCC8D5D}.Debug|Any CPU.Build.0 = Debug|Any CPU
		{B41ACD8D-EEC8-46F8-A4C9-A20D6DCC8D5D}.Release|Any CPU.ActiveCfg = Release|Any CPU
		{B41ACD8D-EEC8-46F8-A4C9-A20D6DCC8D5D}.Release|Any CPU.Build.0 = Release|Any CPU
	EndGlobalSection
	GlobalSection(SolutionProperties) = preSolution
		HideSolutionNode = FALSE
	EndGlobalSection
	GlobalSection(NestedProjects) = preSolution
		{6EE8DD43-70EE-478C-90D1-0EA92A14758C} = {A99C3697-0023-44BD-942E-007C75818E00}
		{9186C956-E00C-4734-984E-021F76304F32} = {A99C3697-0023-44BD-942E-007C75818E00}
	EndGlobalSection
	GlobalSection(ExtensibilityGlobals) = postSolution
		SolutionGuid = {DA7414D3-AC17-45A1-ABFA-E86D696AEFA0}
	EndGlobalSection
EndGlobal
